
Microsoft Visual Studio Solution File, Format Version 12.00
# Visual Studio Version 17
VisualStudioVersion = 17.3.32804.467
MinimumVisualStudioVersion = 10.0.40219.1
Project("{FAE04EC0-301F-11D3-BF4B-00C04F79EFBC}") = "MSAPhase2Backend", "MSAPhase2Backend\MSAPhase2Backend.csproj", "{904E9304-B3C4-4DEC-83E1-440D1B44C46E}"
EndProject
Project("{FAE04EC0-301F-11D3-BF4B-00C04F79EFBC}") = "UnitTesting", "UnitTesting\UnitTesting.csproj", "{9636CAFB-7938-49DB-87BD-BA4F1272BB30}"
EndProject
Global
	GlobalSection(SolutionConfigurationPlatforms) = preSolution
		Debug|Any CPU = Debug|Any CPU
		Release|Any CPU = Release|Any CPU
	EndGlobalSection
	GlobalSection(ProjectConfigurationPlatforms) = postSolution
		{904E9304-B3C4-4DEC-83E1-440D1B44C46E}.Debug|Any CPU.ActiveCfg = Debug|Any CPU
		{904E9304-B3C4-4DEC-83E1-440D1B44C46E}.Debug|Any CPU.Build.0 = Debug|Any CPU
		{904E9304-B3C4-4DEC-83E1-440D1B44C46E}.Release|Any CPU.ActiveCfg = Release|Any CPU
		{904E9304-B3C4-4DEC-83E1-440D1B44C46E}.Release|Any CPU.Build.0 = Release|Any CPU
		{9636CAFB-7938-49DB-87BD-BA4F1272BB30}.Debug|Any CPU.ActiveCfg = Debug|Any CPU
		{9636CAFB-7938-49DB-87BD-BA4F1272BB30}.Debug|Any CPU.Build.0 = Debug|Any CPU
		{9636CAFB-7938-49DB-87BD-BA4F1272BB30}.Release|Any CPU.ActiveCfg = Release|Any CPU
		{9636CAFB-7938-49DB-87BD-BA4F1272BB30}.Release|Any CPU.Build.0 = Release|Any CPU
	EndGlobalSection
	GlobalSection(SolutionProperties) = preSolution
		HideSolutionNode = FALSE
	EndGlobalSection
	GlobalSection(ExtensibilityGlobals) = postSolution
		SolutionGuid = {CD90AFBF-51B8-4484-80A9-AD43240EEB0D}
	EndGlobalSection
EndGlobal
